
Microsoft Visual Studio Solution File, Format Version 12.00
# Visual Studio Version 17
VisualStudioVersion = 17.11.35208.52
MinimumVisualStudioVersion = 10.0.40219.1
Project("{FAE04EC0-301F-11D3-BF4B-00C04F79EFBC}") = "Baitap01", "Baitap01\Baitap01.csproj", "{EDB19C03-C4F2-4AE1-81C7-059E77DF97BC}"
EndProject
Global
	GlobalSection(SolutionConfigurationPlatforms) = preSolution
		Debug|Any CPU = Debug|Any CPU
		Release|Any CPU = Release|Any CPU
	EndGlobalSection
	GlobalSection(ProjectConfigurationPlatforms) = postSolution
		{EDB19C03-C4F2-4AE1-81C7-059E77DF97BC}.Debug|Any CPU.ActiveCfg = Debug|Any CPU
		{EDB19C03-C4F2-4AE1-81C7-059E77DF97BC}.Debug|Any CPU.Build.0 = Debug|Any CPU
		{EDB19C03-C4F2-4AE1-81C7-059E77DF97BC}.Release|Any CPU.ActiveCfg = Release|Any CPU
		{EDB19C03-C4F2-4AE1-81C7-059E77DF97BC}.Release|Any CPU.Build.0 = Release|Any CPU
	EndGlobalSection
	GlobalSection(SolutionProperties) = preSolution
		HideSolutionNode = FALSE
	EndGlobalSection
	GlobalSection(ExtensibilityGlobals) = postSolution
		SolutionGuid = {16ED0398-818B-4613-9144-C6A7472759DF}
	EndGlobalSection
EndGlobal
